{
  "version": "4",
  "specifiers": {
    "jsr:@std/media-types@0.220": "0.220.1"
  },
  "jsr": {
    "@std/media-types@0.220.1": {
      "integrity": "9dea30f7e0c87426ad8736678137ad277f1450f858efa1ef2c3aad6d9029b682"
    }
  },
  "redirects": {
    "https://esm.sh/gh/jeff-hykin/js-notebook/tools/danfo.js": "https://esm.sh/gh/jeff-hykin/js-notebook@07b8ec69ca/tools/danfo.js"
  },
  "remote": {
    "https://deno.land/std@0.128.0/_util/assert.ts": "e94f2eb37cebd7f199952e242c77654e43333c1ac4c5c700e929ea3aa5489f74",
    "https://deno.land/std@0.128.0/_util/os.ts": "49b92edea1e82ba295ec946de8ffd956ed123e2948d9bd1d3e901b04e4307617",
    "https://deno.land/std@0.128.0/path/_constants.ts": "df1db3ffa6dd6d1252cc9617e5d72165cd2483df90e93833e13580687b6083c3",
    "https://deno.land/std@0.128.0/path/_interface.ts": "ee3b431a336b80cf445441109d089b70d87d5e248f4f90ff906820889ecf8d09",
    "https://deno.land/std@0.128.0/path/_util.ts": "c1e9686d0164e29f7d880b2158971d805b6e0efc3110d0b3e24e4b8af2190d2b",
    "https://deno.land/std@0.128.0/path/common.ts": "bee563630abd2d97f99d83c96c2fa0cca7cee103e8cb4e7699ec4d5db7bd2633",
    "https://deno.land/std@0.128.0/path/glob.ts": "cb5255638de1048973c3e69e420c77dc04f75755524cb3b2e160fe9277d939ee",
    "https://deno.land/std@0.128.0/path/mod.ts": "4275129bb766f0e475ecc5246aa35689eeade419d72a48355203f31802640be7",
    "https://deno.land/std@0.128.0/path/posix.ts": "663e4a6fe30a145f56aa41a22d95114c4c5582d8b57d2d7c9ed27ad2c47636bb",
    "https://deno.land/std@0.128.0/path/separator.ts": "fe1816cb765a8068afb3e8f13ad272351c85cbc739af56dacfc7d93d710fe0f9",
    "https://deno.land/std@0.128.0/path/win32.ts": "e7bdf63e8d9982b4d8a01ef5689425c93310ece950e517476e22af10f41a136e",
    "https://deno.land/std@0.133.0/_deno_unstable.ts": "23a1a36928f1b6d3b0170aaa67de09af12aa998525f608ff7331b9fb364cbde6",
    "https://deno.land/std@0.133.0/_util/assert.ts": "e94f2eb37cebd7f199952e242c77654e43333c1ac4c5c700e929ea3aa5489f74",
    "https://deno.land/std@0.133.0/_util/os.ts": "49b92edea1e82ba295ec946de8ffd956ed123e2948d9bd1d3e901b04e4307617",
    "https://deno.land/std@0.133.0/fs/_util.ts": "0fb24eb4bfebc2c194fb1afdb42b9c3dda12e368f43e8f2321f84fc77d42cb0f",
    "https://deno.land/std@0.133.0/fs/copy.ts": "9248d1492599957af8c693ceb10a432b09f0b0b61c60a4d6aff29b0c7d3a17b3",
    "https://deno.land/std@0.133.0/fs/empty_dir.ts": "7274d87160de34cbed0531e284df383045cf43543bbeadeb97feac598bd8f3c5",
    "https://deno.land/std@0.133.0/fs/ensure_dir.ts": "9dc109c27df4098b9fc12d949612ae5c9c7169507660dcf9ad90631833209d9d",
    "https://deno.land/std@0.133.0/fs/ensure_file.ts": "7d353e64fee3d4d1e7c6b6726a2a5e987ba402c15fb49566309042887349c545",
    "https://deno.land/std@0.133.0/fs/ensure_link.ts": "489e23df9fe3e6636048b5830ddf0f111eb29621eb85719255ad9bd645f3471b",
    "https://deno.land/std@0.133.0/fs/ensure_symlink.ts": "88dc83de1bc90ed883dd458c2d2eae3d5834a4617d12925734836e1f0803b274",
    "https://deno.land/std@0.133.0/fs/eol.ts": "b92f0b88036de507e7e6fbedbe8f666835ea9dcbf5ac85917fa1fadc919f83a5",
    "https://deno.land/std@0.133.0/fs/exists.ts": "cb734d872f8554ea40b8bff77ad33d4143c1187eac621a55bf37781a43c56f6d",
    "https://deno.land/std@0.133.0/fs/expand_glob.ts": "0c10130d67c9b02164b03df8e43c6d6defbf8e395cb69d09e84a8586e6d72ac3",
    "https://deno.land/std@0.133.0/fs/mod.ts": "4dc052c461c171abb5c25f6e0f218ab838a716230930b534ba351745864b7d6d",
    "https://deno.land/std@0.133.0/fs/move.ts": "0573cedcf583f09a9494f2dfccbf67de68a93629942d6b5e6e74a9e45d4e8a2e",
    "https://deno.land/std@0.133.0/fs/walk.ts": "117403ccd21fd322febe56ba06053b1ad5064c802170f19b1ea43214088fe95f",
    "https://deno.land/std@0.133.0/path/_constants.ts": "df1db3ffa6dd6d1252cc9617e5d72165cd2483df90e93833e13580687b6083c3",
    "https://deno.land/std@0.133.0/path/_interface.ts": "ee3b431a336b80cf445441109d089b70d87d5e248f4f90ff906820889ecf8d09",
    "https://deno.land/std@0.133.0/path/_util.ts": "c1e9686d0164e29f7d880b2158971d805b6e0efc3110d0b3e24e4b8af2190d2b",
    "https://deno.land/std@0.133.0/path/common.ts": "bee563630abd2d97f99d83c96c2fa0cca7cee103e8cb4e7699ec4d5db7bd2633",
    "https://deno.land/std@0.133.0/path/glob.ts": "cb5255638de1048973c3e69e420c77dc04f75755524cb3b2e160fe9277d939ee",
    "https://deno.land/std@0.133.0/path/mod.ts": "4275129bb766f0e475ecc5246aa35689eeade419d72a48355203f31802640be7",
    "https://deno.land/std@0.133.0/path/posix.ts": "663e4a6fe30a145f56aa41a22d95114c4c5582d8b57d2d7c9ed27ad2c47636bb",
    "https://deno.land/std@0.133.0/path/separator.ts": "fe1816cb765a8068afb3e8f13ad272351c85cbc739af56dacfc7d93d710fe0f9",
    "https://deno.land/std@0.133.0/path/win32.ts": "e7bdf63e8d9982b4d8a01ef5689425c93310ece950e517476e22af10f41a136e",
    "https://deno.land/std@0.191.0/_util/asserts.ts": "178dfc49a464aee693a7e285567b3d0b555dc805ff490505a8aae34f9cfb1462",
    "https://deno.land/std@0.191.0/bytes/concat.ts": "d26d6f3d7922e6d663dacfcd357563b7bf4a380ce5b9c2bbe0c8586662f25ce2",
    "https://deno.land/std@0.191.0/bytes/copy.ts": "939d89e302a9761dcf1d9c937c7711174ed74c59eef40a1e4569a05c9de88219",
    "https://deno.land/std@0.191.0/io/buf_reader.ts": "06fff3337091c49e99ebd2dd790c9a90364c087a2953ea081667400fd6c6cebb",
    "https://deno.land/std@0.191.0/io/read_lines.ts": "c526c12a20a9386dc910d500f9cdea43cba974e853397790bd146817a7eef8cc",
    "https://deno.land/std@0.214.0/assert/assert.ts": "bec068b2fccdd434c138a555b19a2c2393b71dfaada02b7d568a01541e67cdc5",
    "https://deno.land/std@0.214.0/assert/assertion_error.ts": "9f689a101ee586c4ce92f52fa7ddd362e86434ffdf1f848e45987dc7689976b8",
    "https://deno.land/std@0.214.0/path/_common/assert_path.ts": "2ca275f36ac1788b2acb60fb2b79cb06027198bc2ba6fb7e163efaedde98c297",
    "https://deno.land/std@0.214.0/path/_common/constants.ts": "dc5f8057159f4b48cd304eb3027e42f1148cf4df1fb4240774d3492b5d12ac0c",
    "https://deno.land/std@0.214.0/path/_common/glob_to_reg_exp.ts": "2007aa87bed6eb2c8ae8381adcc3125027543d9ec347713c1ad2c68427330770",
    "https://deno.land/std@0.214.0/path/_common/normalize.ts": "684df4aa71a04bbcc346c692c8485594fc8a90b9408dfbc26ff32cf3e0c98cc8",
    "https://deno.land/std@0.214.0/path/_common/normalize_string.ts": "dfdf657a1b1a7db7999f7c575ee7e6b0551d9c20f19486c6c3f5ff428384c965",
    "https://deno.land/std@0.214.0/path/_os.ts": "8fb9b90fb6b753bd8c77cfd8a33c2ff6c5f5bc185f50de8ca4ac6a05710b2c15",
    "https://deno.land/std@0.214.0/path/glob.ts": "04510962905d4b1513b44da9cb195914e0fa46c24359f6feaca20848d797dcb0",
    "https://deno.land/std@0.214.0/path/glob_to_regexp.ts": "83c5fd36a8c86f5e72df9d0f45317f9546afa2ce39acaafe079d43a865aced08",
    "https://deno.land/std@0.214.0/path/is_glob.ts": "a65f6195d3058c3050ab905705891b412ff942a292bcbaa1a807a74439a14141",
    "https://deno.land/std@0.214.0/path/join_globs.ts": "e9589869a33dc3982101898ee50903db918ca00ad2614dbe3934d597d7b1fbea",
    "https://deno.land/std@0.214.0/path/normalize_glob.ts": "98ee8268fad271193603271c203ae973280b5abfbdd2cbca1053fd2af71869ca",
    "https://deno.land/std@0.214.0/path/posix/_util.ts": "1e3937da30f080bfc99fe45d7ed23c47dd8585c5e473b2d771380d3a6937cf9d",
    "https://deno.land/std@0.214.0/path/posix/constants.ts": "93481efb98cdffa4c719c22a0182b994e5a6aed3047e1962f6c2c75b7592bef1",
    "https://deno.land/std@0.214.0/path/posix/glob_to_regexp.ts": "54d3ff40f309e3732ab6e5b19d7111d2d415248bcd35b67a99defcbc1972e697",
    "https://deno.land/std@0.214.0/path/posix/join.ts": "aef88d5fa3650f7516730865dbb951594d1a955b785e2450dbee93b8e32694f3",
    "https://deno.land/std@0.214.0/path/posix/join_globs.ts": "ee2f4676c5b8a0dfa519da58b8ade4d1c4aa8dd3fe35619edec883ae9df1f8c9",
    "https://deno.land/std@0.214.0/path/posix/normalize.ts": "baeb49816a8299f90a0237d214cef46f00ba3e95c0d2ceb74205a6a584b58a91",
    "https://deno.land/std@0.214.0/path/posix/normalize_glob.ts": "65f0138fa518ef9ece354f32889783fc38cdf985fb02dcf1c3b14fa47d665640",
    "https://deno.land/std@0.214.0/path/windows/_util.ts": "d5f47363e5293fced22c984550d5e70e98e266cc3f31769e1710511803d04808",
    "https://deno.land/std@0.214.0/path/windows/constants.ts": "5afaac0a1f67b68b0a380a4ef391bf59feb55856aa8c60dfc01bd3b6abb813f5",
    "https://deno.land/std@0.214.0/path/windows/glob_to_regexp.ts": "6dcd1242bd8907aa9660cbdd7c93446e6927b201112b0cba37ca5d80f81be51b",
    "https://deno.land/std@0.214.0/path/windows/join.ts": "e0b3356615c1a75c56ebb6a7311157911659e11fd533d80d724800126b761ac3",
    "https://deno.land/std@0.214.0/path/windows/join_globs.ts": "ee2f4676c5b8a0dfa519da58b8ade4d1c4aa8dd3fe35619edec883ae9df1f8c9",
    "https://deno.land/std@0.214.0/path/windows/normalize.ts": "78126170ab917f0ca355a9af9e65ad6bfa5be14d574c5fb09bb1920f52577780",
    "https://deno.land/std@0.214.0/path/windows/normalize_glob.ts": "179c86ba89f4d3fe283d2addbe0607341f79ee9b1ae663abcfb3439db2e97810",
    "https://deno.land/x/deno_deno@1.42.1.7/main.js": "b351e5cd0c767820875acd985fbd3462543855be5918a2fe8987f2c921d9eec9",
    "https://deno.land/x/deno_dom@v0.1.43/build/deno-wasm/deno-wasm.js": "d6841a06342eb6a2798ef28de79ad69c0f2fa349fa04d3ca45e5fcfbf50a9340",
    "https://deno.land/x/deno_dom@v0.1.43/deno-dom-wasm.ts": "a33d160421bbb6e3104285ea5ebf33352b7ad50d82ea8765e3cf65f972b25119",
    "https://deno.land/x/deno_dom@v0.1.43/src/api.ts": "0ff5790f0a3eeecb4e00b7d8fbfa319b165962cf6d0182a65ba90f158d74f7d7",
    "https://deno.land/x/deno_dom@v0.1.43/src/constructor-lock.ts": "59714df7e0571ec7bd338903b1f396202771a6d4d7f55a452936bd0de9deb186",
    "https://deno.land/x/deno_dom@v0.1.43/src/deserialize.ts": "1cf4096678d8afed8ed28dbad690504c4d2c28149ba768b26eacd1416873425b",
    "https://deno.land/x/deno_dom@v0.1.43/src/dom/document-fragment.ts": "1c7352a3c816587ed7fad574b42636198f680f17abc3836fcfe7799b31e7718f",
    "https://deno.land/x/deno_dom@v0.1.43/src/dom/document.ts": "b8f4e4ccabaaa063d6562a0f2f8dea9c0419515d63d8bd79bfde95f7cd64bd93",
    "https://deno.land/x/deno_dom@v0.1.43/src/dom/dom-parser.ts": "609097b426f8c2358f3e5d2bca55ed026cf26cdf86562e94130dfdb0f2537f92",
    "https://deno.land/x/deno_dom@v0.1.43/src/dom/element.ts": "d5371cd83ff2128353c1975465c368ef83d7441568626b386557deba51315111",
    "https://deno.land/x/deno_dom@v0.1.43/src/dom/elements/html-template-element.ts": "740b97a5378c9a14cccf3429299846eda240b613013e2d2d7f20b393897453c2",
    "https://deno.land/x/deno_dom@v0.1.43/src/dom/html-collection.ts": "ae90197f5270c32074926ad6cf30ee07d274d44596c7e413c354880cebce8565",
    "https://deno.land/x/deno_dom@v0.1.43/src/dom/node-list.ts": "4c6e4b4585301d4147addaccd90cb5f5a80e8d6290a1ba7058c5e3dfea16e15d",
    "https://deno.land/x/deno_dom@v0.1.43/src/dom/node.ts": "3069e6fc93ac4111a136ed68199d76673339842b9751610ba06f111ba7dc10a7",
    "https://deno.land/x/deno_dom@v0.1.43/src/dom/selectors/custom-api.ts": "852696bd58e534bc41bd3be9e2250b60b67cd95fd28ed16b1deff1d548531a71",
    "https://deno.land/x/deno_dom@v0.1.43/src/dom/selectors/nwsapi-types.ts": "c43b36c36acc5d32caabaa54fda8c9d239b2b0fcbce9a28efb93c84aa1021698",
    "https://deno.land/x/deno_dom@v0.1.43/src/dom/selectors/nwsapi.js": "985d7d8fc1eabbb88946b47a1c44c1b2d4aa79ff23c21424219f1528fa27a2ff",
    "https://deno.land/x/deno_dom@v0.1.43/src/dom/selectors/selectors.ts": "83eab57be2290fb48e3130533448c93c6c61239f2a2f3b85f1917f80ca0fdc75",
    "https://deno.land/x/deno_dom@v0.1.43/src/dom/selectors/sizzle-types.ts": "78149e2502409989ce861ed636b813b059e16bc267bb543e7c2b26ef43e4798b",
    "https://deno.land/x/deno_dom@v0.1.43/src/dom/selectors/sizzle.js": "c3aed60c1045a106d8e546ac2f85cc82e65f62d9af2f8f515210b9212286682a",
    "https://deno.land/x/deno_dom@v0.1.43/src/dom/utils-types.ts": "96db30e3e4a75b194201bb9fa30988215da7f91b380fca6a5143e51ece2a8436",
    "https://deno.land/x/deno_dom@v0.1.43/src/dom/utils.ts": "4c6206516fb8f61f37a209c829e812c4f5a183e46d082934dd14c91bde939263",
    "https://deno.land/x/deno_dom@v0.1.43/src/parser.ts": "e06b2300d693e6ae7564e53dfa5c9a9e97fdb8c044c39c52c8b93b5d60860be3",
    "https://deno.land/x/good@1.5.0.3/value.js": "dc5b96f2dabc51f0d1d86d3cf72ef55f623b82b7b2f0698b41b4714b4201247d",
    "https://deno.land/x/good@1.6.0.1/async.js": "f6c364c55802a90608485e708899d38699e7ba55386f10bff29339fd939a5898",
    "https://deno.land/x/good@1.6.0.1/iterable.js": "42885dceeb9173b21ba8489e6cc3b10db640428aff7c31394a253c7894dba3e6",
    "https://deno.land/x/good@1.6.0.1/string.js": "0e5985e4566e401292c7c0de89c64bc45d900c00e2fd4ab60b9cf16bdbdd449d",
    "https://deno.land/x/good@1.6.0.1/value.js": "dc5b96f2dabc51f0d1d86d3cf72ef55f623b82b7b2f0698b41b4714b4201247d",
    "https://deno.land/x/quickr@0.6.72/main/file_system.js": "3b56ab842e1725ffb5bae0693fdb77b91f716e77dcbc10e19a1a487a2f4f6d73",
    "https://deno.land/x/quickr@0.6.72/main/flat/_path_standardize.js": "d3ac928d9bed148d81f892cda7ccd9502c28325622fb4b7b8f4fb55f94c91902",
    "https://deno.land/x/quickr@0.6.72/main/flat/escape_glob.js": "b7e7b9927863be2cc59a112a746e2c6efd12aa5c3b6f63e88175ca63d3095a19",
    "https://deno.land/x/quickr@0.6.72/main/flat/escape_glob_for_posix.js": "f3b11ddcf283af1346ab4874b6ed2eb7f8f445a617b7868a2561bd47b2db1fca",
    "https://deno.land/x/quickr@0.6.72/main/flat/escape_glob_for_windows.js": "e01be2e2eb4cee9242a7b3a8b999a4e4e3fb1c55e869158c2260bb5d2ec33349",
    "https://deno.land/x/quickr@0.6.72/main/flat/make_absolute_path.js": "6782f5f867daa54ecdc7aced678fd243609048c832065cb7c8b6ac7de6e50a3a",
    "https://deno.land/x/quickr@0.6.72/main/flat/normalize_path.js": "5971bf1a29c04f3d79188fa4f05bc46927a90ad60ba3bb61b0456776966bd206",
    "https://deno.land/x/quickr@0.6.72/main/flat/path.js": "ee37276b58496aaeff34735e140a6f7d5a71bd2b24c67246d35f035c377cf003",
    "https://deno.land/x/xhr@0.4.3/mod.ts": "1dc829ff8d848153b0aaccb2543a2f6104cb29d169f16060e32e7d1ec50360e9",
    "https://esm.sh/data-forge@1.10.2": "0cf751f00e2a372d77adafda2e6c94fac49d26008c8b9947c5f0d9a58c6c3398",
    "https://esm.sh/data-forge@1.10.2?dev": "290ccfb7092e9a58f3ce226cfed8fe30319e4a413da7d0cf4e7752955dc21105",
    "https://esm.sh/gh/jeff-hykin/js-notebook@07b8ec69ca/tools/danfo.js": "91f64e8c672cd9b94929fbdbfc1f5e6600284f0bb9f4d32dfbecd8e23a2fe19e",
    "https://esm.sh/jpandas@2.0.1": "45d2767d31cf9a72065336414b0b7e24e1bdad4dc0f880c52eb7529b48a5db64",
    "https://esm.sh/lodash@4.17.21": "cf3544d5159a7648b25ad21fcf8dbf08a1fbfb1415b70b4163da646ef83eec4a",
    "https://esm.sh/pandas-js@0.2.4": "3e71dd57c2ac1259d21796c4e056aa2a094bc71d8a3d63ce90323c98ce617a19",
    "https://esm.sh/request@2.88.2": "f833612bffa57f03f0f91975d921f78e1904d2c0e33f8b5fdafb0dd6072b522e",
    "https://esm.sh/v135/ajv@6.12.6/denonext/ajv.mjs": "34edf781706f54b55f5507f059be72c1792788f2a7a5b4cdd51797dc90edc180",
    "https://esm.sh/v135/asn1@0.2.6/denonext/asn1.mjs": "6c05654e48e84fa15c3370af7411565cd5e45810b213961c1f1ae71a5faa2468",
    "https://esm.sh/v135/assert-plus@1.0.0/denonext/assert-plus.mjs": "50ebe34b817cc311a7ebbe63d5af0b72ad0ab9e30b6c90e3344c11556e98e2c2",
    "https://esm.sh/v135/aws-sign2@0.7.0/denonext/aws-sign2.mjs": "acf5add98759b9dedaba54335c791f468b3fc1681f86cdc86306da24b52611e0",
    "https://esm.sh/v135/aws4@1.12.0/denonext/aws4.mjs": "a9bee7397e4d31e972b28d4cba022e92e82a7e277462662aa4d20642b2847d51",
    "https://esm.sh/v135/aws4@1.13.2/denonext/aws4.mjs": "2abb280608bf196e067697447f2becb276ab52cdfe4b783654f83b681fb9dc1f",
    "https://esm.sh/v135/babel-runtime@6.26.0/denonext/helpers/classCallCheck.js": "56e1563e9bb015fffe6971816b8b3795fdf8222ae5df9bb70b68d81dbd78e60c",
    "https://esm.sh/v135/babel-runtime@6.26.0/denonext/helpers/createClass.js": "15ce0db776a88a140a3f7d5087c470abb17065f2be09e0866de573ac3070a67b",
    "https://esm.sh/v135/babel-runtime@6.26.0/denonext/helpers/get.js": "ee3e007d4e563945954b98904868884fe91c1ce4a4b13177718d56de0c08a8f0",
    "https://esm.sh/v135/babel-runtime@6.26.0/denonext/helpers/inherits.js": "5c5d589a32d7ad43fb21a5f6c891b797e7f589cb56ba8ef023c5811fa9bb7915",
    "https://esm.sh/v135/babel-runtime@6.26.0/denonext/helpers/possibleConstructorReturn.js": "07a687f1554ed574e005b4965535e349a274d18cd6e95d42ad82078dc2b0d823",
    "https://esm.sh/v135/babel-runtime@6.26.0/denonext/helpers/slicedToArray.js": "7192b5d1dd62d2a539917bb212d5b76fd71fc70466e42ac454409e63730398e4",
    "https://esm.sh/v135/babel-runtime@6.26.0/denonext/helpers/toConsumableArray.js": "2e2d8f6def7874959f43d50be8e39361ea51ca5e7c291ca88a6037e4ecccfd9d",
    "https://esm.sh/v135/babel-runtime@6.26.0/denonext/helpers/typeof.js": "39af71bbdbada470a05b4bfaec6e6a61c9be39f1449cc4f05c82d6231e9e295b",
    "https://esm.sh/v135/babel-runtime@6.26.0/denonext/regenerator.js": "62a2a00c0eef12706d859cecb4ec039826807d0685d822258e53ef17308f240a",
    "https://esm.sh/v135/bcrypt-pbkdf@1.0.2/denonext/bcrypt-pbkdf.mjs": "4eb45c92c86ff9433e849407f18f2239b658537e84285db46d2de4c3d53a8aff",
    "https://esm.sh/v135/caseless@0.12.0/denonext/caseless.mjs": "eac4e184e71bd3d35df9187bbbf6b6d3cc46163631bcc4a3f44ac2270e4023b7",
    "https://esm.sh/v135/clone@1.0.4/denonext/clone.development.mjs": "08c3ec1c9961a9aecc0118f8939ecfd4650a4dc1747bfc5b26d495274ce2bbce",
    "https://esm.sh/v135/clone@1.0.4/denonext/clone.mjs": "1c9115464a6ed06a1ad12f6cb802d7e2c5ba5b3655df4026a82941ab9bad057a",
    "https://esm.sh/v135/combined-stream@1.0.8/denonext/combined-stream.mjs": "4b7a8082ef1a084bad6a435ff7f2281d499e66da5362819c23e44e11dbaddd15",
    "https://esm.sh/v135/core-js@2.6.12/denonext/library/fn/array/from.js": "5a99a044ab0aba841377f9e7aded6a79f45535a1cdf7217f23384a66366e0f7e",
    "https://esm.sh/v135/core-js@2.6.12/denonext/library/fn/get-iterator.js": "3b08dcd19c582db7a4ade6d826f8abbab4270b34d6fb37bd442160b68a3b3a64",
    "https://esm.sh/v135/core-js@2.6.12/denonext/library/fn/is-iterable.js": "1667b5c4ed2fe7035a883a454b3530d7bb95685c0ee7bd5a9226065bf0f9e56a",
    "https://esm.sh/v135/core-js@2.6.12/denonext/library/fn/object/create.js": "5db5e1a1f650eb9ba13431dbcc61013e0bc7d18f492b470e0069706282239896",
    "https://esm.sh/v135/core-js@2.6.12/denonext/library/fn/object/define-property.js": "dd05e3a27d92d45e94692b76b547d15613898e09c88c581fa95c64af4d74655f",
    "https://esm.sh/v135/core-js@2.6.12/denonext/library/fn/object/get-own-property-descriptor.js": "a9b561c98b0bc0139f5b019de0099a05d77eb4d90c01beb0330e7772c37b9fac",
    "https://esm.sh/v135/core-js@2.6.12/denonext/library/fn/object/get-prototype-of.js": "7a2c6efb88f16ba5bfde602a34f906df0c35961d11ddca4bcd29028eef1585fa",
    "https://esm.sh/v135/core-js@2.6.12/denonext/library/fn/object/set-prototype-of.js": "71d9fe3dfd371eb823e1b62b77f0d9a2c8c3abb2a37cdb0f3b18dc7952c502dc",
    "https://esm.sh/v135/core-js@2.6.12/denonext/library/fn/symbol.js": "2aac916620ea98a0daf0723404a31cee920fbcc813058d76135b0522db0afbc5",
    "https://esm.sh/v135/core-js@2.6.12/denonext/library/fn/symbol/iterator.js": "dbaa08497de4a02a094821cda013187af994dadcb1b9133aac5a9ea3f6ae1928",
    "https://esm.sh/v135/core-util-is@1.0.2/denonext/core-util-is.mjs": "68c63612923430dfc235660d8f51ee58c62f006647fd2c7e70d2bd6cb88490a9",
    "https://esm.sh/v135/data-forge@1.10.2/denonext/data-forge.development.mjs": "10f9c3eebdd73aac4e3c7a84529011c5e0ea0dc8fc4fd436fbf180a862af8c2f",
    "https://esm.sh/v135/data-forge@1.10.2/denonext/data-forge.mjs": "7cda1386f49d344e22135afe20415d0000f8620fe8612395b5b74daf528d7889",
    "https://esm.sh/v135/dayjs@1.11.11/denonext/esm.js": "03f0ff2f64f6f90ba8b92a359ea2a68988a2b7051839c9138c9abf6ba5c1d413",
    "https://esm.sh/v135/dayjs@1.11.11/denonext/esm/plugin/customParseFormat.js": "6b5b8f4632d74c3650a80a84c65d329279ee381b945844496e741cfedd444106",
    "https://esm.sh/v135/dayjs@1.11.13/denonext/esm.development.js": "4b2b13a484b4e1545ad7848b8167047d805df4e04112227a20695efbe6ebd9e8",
    "https://esm.sh/v135/dayjs@1.11.13/denonext/esm.js": "2faeb7e9e67654d60ffc1d376f4b42c5a01386347b912963f3f3b155dfee5c1a",
    "https://esm.sh/v135/dayjs@1.11.13/denonext/esm/plugin/customParseFormat.development.js": "e415b3774d8e47cda87019c709c37a6e2c48fd180baa48c5f3486f4503719489",
    "https://esm.sh/v135/dayjs@1.11.13/denonext/esm/plugin/customParseFormat.js": "8fcb417fcdc4634d8099385fc81123c7b529fd53471248c6b78d8828a348d8ad",
    "https://esm.sh/v135/defaults@1.0.4/denonext/defaults.development.mjs": "e9dbd83c3878f3b101b5f8816513e064fad51254528fc98a9d1c3720a2ab6110",
    "https://esm.sh/v135/defaults@1.0.4/denonext/defaults.mjs": "a9d6d73e5b1d13a84571d2aea43861e42c40fb5ea05159fb9a1244f91936382d",
    "https://esm.sh/v135/delayed-stream@1.0.0/denonext/delayed-stream.mjs": "91dde4f416c73d8b00d12a32caa6a0bf51f475f371006b26f2dff2225c1fa602",
    "https://esm.sh/v135/easy-table@1.1.0/denonext/easy-table.development.mjs": "ea83c3ba21b1f030ee4ee438d67be010e5199c85d9363755af826c262198fa05",
    "https://esm.sh/v135/easy-table@1.1.0/denonext/easy-table.mjs": "d79d438f5229ae910541582f89de69ce861fb0ddc569643d6b7fe3b7ad747e07",
    "https://esm.sh/v135/ecc-jsbn@0.1.2/denonext/ecc-jsbn.mjs": "110763dc51c55cff40b5961e60a0baa9dff8a428dcce66461ab0336f724b7230",
    "https://esm.sh/v135/ecc-jsbn@0.1.2/denonext/lib/ec.js": "f689d1dc7ee9b938eec69912ec164e4e410de16f98f8354f38e5d18efeb0e134",
    "https://esm.sh/v135/extend@3.0.2/denonext/extend.mjs": "6ab9e4890dfa54ec88fa326fca525c211141d6da72188f54e9610d1281219c9e",
    "https://esm.sh/v135/extsprintf@1.3.0/denonext/extsprintf.mjs": "dbc93e01da864a22a1fdc65ad7327750630650e4b93800bca8a6a01b15ddc62d",
    "https://esm.sh/v135/extsprintf@1.4.1/denonext/extsprintf.mjs": "8bdd25041746ec393223c2ab3f740f38d672b8f6e52e384f5c9f114688319405",
    "https://esm.sh/v135/fast-deep-equal@3.1.3/denonext/fast-deep-equal.mjs": "6313b3e05436550e1c0aeb2a282206b9b8d9213b4c6f247964dd7bb4835fb9e5",
    "https://esm.sh/v135/fast-json-stable-stringify@2.1.0/denonext/fast-json-stable-stringify.mjs": "56a4807f5bc022ed2a240d97b4ca83c1227fece1e5e7e48f1c4971cd333ee6c5",
    "https://esm.sh/v135/forever-agent@0.6.1/denonext/forever-agent.mjs": "5d244907c144ca1c911d59151fed46c3806fb13138ae9f6f6dfdd562ec07abd7",
    "https://esm.sh/v135/form-data@2.3.3/denonext/form-data.mjs": "afa71f2621744fcc0440f00ec5f86f998d8a4f83a4b8efe3a815ac7d4e2c3110",
    "https://esm.sh/v135/gh/jeff-hykin/js-notebook@07b8ec69ca/denonext/tools/danfo.js": "7800d6dbabc8dec2ee2d1180db4e0f0d0beb130e42ca69c8f18e170a8089a86c",
    "https://esm.sh/v135/har-schema@2.0.0/denonext/har-schema.mjs": "f21658ffb9036937a5a3761fd5a97223151367a0976e14075cdd0a31827f23a5",
    "https://esm.sh/v135/har-validator@5.1.5/denonext/har-validator.mjs": "40be97ff95615e2d14fd612705e36b5670672f32c8bdcf9a9c265518625b49f8",
    "https://esm.sh/v135/http-signature@1.2.0/denonext/http-signature.mjs": "1874b5a36ebbb4bb1bbfe9557ae1a659b60c6f1705155c0f548410953d7b8b34",
    "https://esm.sh/v135/immutable@3.8.2/denonext/immutable.mjs": "6542cb7474a308b3b36e6db9c5386e9fa031c2efdab859cc5497e029e6e602ae",
    "https://esm.sh/v135/is-typedarray@1.0.0/denonext/is-typedarray.mjs": "78aa6bbff21364228aaaa4c439ab26330f85890bda39f31d647979e28840183d",
    "https://esm.sh/v135/isstream@0.1.2/denonext/isstream.mjs": "79bdc5c186129e14c88b0361492326a94a0f5c6f2a2d20704f61b21dea15a9b1",
    "https://esm.sh/v135/jpandas@2.0.1/denonext/jpandas.mjs": "aa056b9b0bfed2343a640cb32520e8561bfdf1b22d7d97d6989f731b79df4728",
    "https://esm.sh/v135/jsbn@0.1.1/denonext/jsbn.mjs": "a9c7ddb1ee5367ee612962400062792b92f1ca9b5d88a349e2cdf9205a4966e3",
    "https://esm.sh/v135/json-schema-traverse@0.4.1/denonext/json-schema-traverse.mjs": "600fde14c574305fb803c77ef635d0d280375fb4bbea9aba4d2698b60c0c4c68",
    "https://esm.sh/v135/json-schema@0.4.0/denonext/json-schema.mjs": "41a48bdce920f69ceab755dc5b566abbb18d3cbc3fa1bdca77363b005152d495",
    "https://esm.sh/v135/json-stringify-safe@5.0.1/denonext/json-stringify-safe.mjs": "4e8043a286815d39517ff646c371ed0fc9334a44eafb5c58cb92d1bb55762671",
    "https://esm.sh/v135/json5@2.2.3/denonext/json5.development.mjs": "29a5cf546b50aadb14b69d082d4dccfb8fead023fcb6c83a922f17684a0f4ba9",
    "https://esm.sh/v135/json5@2.2.3/denonext/json5.mjs": "2124ca68e182d9de859a72e9415bbc4702b8f0bb002a7a22ea06d6684a3e562b",
    "https://esm.sh/v135/jsprim@1.4.2/denonext/jsprim.mjs": "d59be95cca0a7c6b5b4dda02b1b37ecceaf25ae0a2b9c06d1f88898e6264fdfb",
    "https://esm.sh/v135/lodash@4.17.21/denonext/lodash.mjs": "f04a5db09228738fd8cd06b6d1eaf3463b1b639d1529cf11673c3ac7bda1b1a8",
    "https://esm.sh/v135/mime-db@1.52.0/denonext/mime-db.mjs": "52b5de94b0afa2139224f83773d90861fbc2fca6a1994f1a00a52733e14f4720",
    "https://esm.sh/v135/mime-types@2.1.35/denonext/mime-types.mjs": "17e735bb133c14d5f6e1e5fe26e92d9e4e10c738f7154ed12ff34c9a74a492cd",
    "https://esm.sh/v135/numeral@2.0.6/denonext/numeral.development.mjs": "d9a821253b7971d3fde966d0a31d8741ccecbefd922e711d0de052603f28f13c",
    "https://esm.sh/v135/numeral@2.0.6/denonext/numeral.mjs": "d4346d2e786b29bda678bb0be9be6fd8cdf10be287d8a588ebd9d5c1d6933c18",
    "https://esm.sh/v135/oauth-sign@0.9.0/denonext/oauth-sign.mjs": "7a45a8ef8cef2aefcb6c93a219b0f292564e86cbf0188dd670c749c3cde7c1c6",
    "https://esm.sh/v135/pandas-js@0.2.4/denonext/pandas-js.mjs": "9c6cc2ea5bd80881cad331df4dbad2d8279c76ddb4507f41b5d3b7446a53f265",
    "https://esm.sh/v135/papaparse@5.2.0/denonext/papaparse.development.mjs": "9e7503ff193aa3f8b8a76f045eba6be549d7d3261081817fb9b351e40c038fbe",
    "https://esm.sh/v135/papaparse@5.2.0/denonext/papaparse.mjs": "d0bce7140b6723aaadee20d0217a51196575c7658429fb1cf67364ea41e4ebb2",
    "https://esm.sh/v135/performance-now@2.1.0/denonext/performance-now.mjs": "a585d755e99f6bba45aee1b3c4da425a0e74f833d90031cd95d1b7c95a0ed317",
    "https://esm.sh/v135/psl@1.9.0/denonext/psl.mjs": "f40e9bcba5f6602eeb677f85f8e2b5c24b706bade58ced5b272044ebea609d9b",
    "https://esm.sh/v135/qs@6.5.3/denonext/qs.mjs": "52aacd73eca176e38c893941f231947569cd5a69e5a9c3d51c7dfd42788baa35",
    "https://esm.sh/v135/regenerator-runtime@0.11.1/denonext/regenerator-runtime.mjs": "75ad671701e8acaadb510fa83092dc5803a3b4f35425bfcc03c8d3350ab4c9ef",
    "https://esm.sh/v135/request@2.88.2/denonext/request.mjs": "449aa8492d1a254f1e786c19ea8201ca6a8baf82cabbbe2f6ce187d10891f88a",
    "https://esm.sh/v135/safe-buffer@5.2.1/denonext/safe-buffer.mjs": "facbcb4f4622e13062978522fa12c42cae4e12f55b0e1d3fa1c4bc751bd827c7",
    "https://esm.sh/v135/safer-buffer@2.1.2/denonext/safer-buffer.mjs": "ce0e787812c668ba082ad5b75958490c714b6e05836bd5b6013d9f75727c006f",
    "https://esm.sh/v135/sshpk@1.18.0/denonext/sshpk.mjs": "e9e5aa35d6c11a3f3b4d193e9fcf0c6b29de6c8b965ef8a9e2b7877c6779061c",
    "https://esm.sh/v135/tough-cookie@2.5.0/denonext/tough-cookie.mjs": "41fddd90297444d22d616a8b08e9c52f607d651898d7515076f40ae0c60da720",
    "https://esm.sh/v135/tunnel-agent@0.6.0/denonext/tunnel-agent.mjs": "aa03945c97482eab83c73b4c49f5977400347129d02834438a235614a3a89ba1",
    "https://esm.sh/v135/tweetnacl@0.14.5/denonext/tweetnacl.mjs": "07971fd08ba5a7cfa7c3c99e35756c877226dcfd1bd652055d8cdc4c25f8dbb2",
    "https://esm.sh/v135/typy@3.3.0/denonext/typy.development.mjs": "81248dee4e138d6d3ad99cf14cb4627c29f5340df1d1b87fa33d4d4ed52dfc14",
    "https://esm.sh/v135/typy@3.3.0/denonext/typy.mjs": "19b7bb433af5c7cd3cb66cfcf5b66a91d7bcd6ff4c8a7d90274b86333b50660d",
    "https://esm.sh/v135/uri-js@4.4.1/denonext/uri-js.mjs": "901d462f9db207376b39ec603d841d87e6b9e9568ce97dfaab12aa77d0f99f74",
    "https://esm.sh/v135/uuid@3.4.0/denonext/v4.js": "d39137361c1d3d2c96e76e2978ddd769152f3d21fa48ddc2df5d488a30856e3a",
    "https://esm.sh/v135/verror@1.10.0/denonext/verror.mjs": "d379d23283399eee270c577746438983178103fb96a7ad2f0167cceb9b9106e0",
    "https://esm.sh/v135/wcwidth@1.0.1/denonext/wcwidth.development.mjs": "ef4f3b7fc0a9c48beb4ec5b4ad51036c37eeb64c930bf1b64689a3894b86f804",
    "https://esm.sh/v135/wcwidth@1.0.1/denonext/wcwidth.mjs": "df03c601312ee4eb0ef3b12d6ea7cb7ab6a349b5bc9a1d00873b7753cd06b159",
    "https://esm.sh/v135/xmlhttprequest@1.8.0/denonext/xmlhttprequest.mjs": "d4be5cf79c097886f925ce7d1961dff33aed7787927225cb24532266eb088fa9",
    "https://esm.sh/xmlhttprequest@1.8.0": "3a75db3d8b153839f9b0bc341c36322f7eba9c673465e70ba42220dff0933edf"
  },
  "workspace": {
    "packageJson": {
      "dependencies": [
        "npm:@vue-reactivity/watch@~0.1.6",
        "npm:@vue/reactivity@^3.2.20",
        "npm:@vue/shared@^3.2.20",
        "npm:cors@^2.8.5",
        "npm:css-baseline@^1.2.11",
        "npm:csv-parse@^4.16.3",
        "npm:express@^4.17.1",
        "npm:good-date@^1.3.16",
        "npm:good-dom@^4.2.1",
        "npm:good-jsx@^1.4.1",
        "npm:js-datepicker@^5.18.0",
        "npm:lodash@^4.17.21",
        "npm:pikaday@^1.8.2",
        "npm:quik-dom@^1.0.6",
        "npm:quik-server@^2.1.1",
        "npm:sass@^1.43.3",
        "npm:storage-object@^0.0.1",
        "npm:tiny-date-picker@^4.0.0-beta6",
        "npm:web-resource-inliner@5"
      ]
    }
  }
}
